
Microsoft Visual Studio Solution File, Format Version 12.00
# Visual Studio 15
VisualStudioVersion = 15.0.28010.2019
MinimumVisualStudioVersion = 10.0.40219.1
Project("{8BC9CEB8-8B4A-11D0-8D11-00A0C91BC942}") = "Gas Station Assignment", "Gas Station Assignment\Gas Station Assignment.vcxproj", "{49B9C042-F108-4561-A545-463B38A5085A}"
EndProject
Project("{8BC9CEB8-8B4A-11D0-8D11-00A0C91BC942}") = "Gas Station Computer", "Gas Station Computer\Gas Station Computer.vcxproj", "{EEA3BE4B-B541-4D75-8E6E-049A16EE5BE4}"
EndProject
Global
	GlobalSection(SolutionConfigurationPlatforms) = preSolution
		Debug|x64 = Debug|x64
		Debug|x86 = Debug|x86
		Release|x64 = Release|x64
		Release|x86 = Release|x86
	EndGlobalSection
	GlobalSection(ProjectConfigurationPlatforms) = postSolution
		{49B9C042-F108-4561-A545-463B38A5085A}.Debug|x64.ActiveCfg = Debug|x64
		{49B9C042-F108-4561-A545-463B38A5085A}.Debug|x64.Build.0 = Debug|x64
		{49B9C042-F108-4561-A545-463B38A5085A}.Debug|x86.ActiveCfg = Debug|Win32
		{49B9C042-F108-4561-A545-463B38A5085A}.Debug|x86.Build.0 = Debug|Win32
		{49B9C042-F108-4561-A545-463B38A5085A}.Release|x64.ActiveCfg = Release|x64
		{49B9C042-F108-4561-A545-463B38A5085A}.Release|x64.Build.0 = Release|x64
		{49B9C042-F108-4561-A545-463B38A5085A}.Release|x86.ActiveCfg = Release|Win32
		{49B9C042-F108-4561-A545-463B38A5085A}.Release|x86.Build.0 = Release|Win32
		{EEA3BE4B-B541-4D75-8E6E-049A16EE5BE4}.Debug|x64.ActiveCfg = Debug|x64
		{EEA3BE4B-B541-4D75-8E6E-049A16EE5BE4}.Debug|x64.Build.0 = Debug|x64
		{EEA3BE4B-B541-4D75-8E6E-049A16EE5BE4}.Debug|x86.ActiveCfg = Debug|Win32
		{EEA3BE4B-B541-4D75-8E6E-049A16EE5BE4}.Debug|x86.Build.0 = Debug|Win32
		{EEA3BE4B-B541-4D75-8E6E-049A16EE5BE4}.Release|x64.ActiveCfg = Release|x64
		{EEA3BE4B-B541-4D75-8E6E-049A16EE5BE4}.Release|x64.Build.0 = Release|x64
		{EEA3BE4B-B541-4D75-8E6E-049A16EE5BE4}.Release|x86.ActiveCfg = Release|Win32
		{EEA3BE4B-B541-4D75-8E6E-049A16EE5BE4}.Release|x86.Build.0 = Release|Win32
	EndGlobalSection
	GlobalSection(SolutionProperties) = preSolution
		HideSolutionNode = FALSE
	EndGlobalSection
	GlobalSection(ExtensibilityGlobals) = postSolution
		SolutionGuid = {C3432870-3A14-4858-A143-FD4A132B422E}
	EndGlobalSection
EndGlobal
